
Microsoft Visual Studio Solution File, Format Version 12.00
# Visual Studio Version 17
VisualStudioVersion = 17.11.35327.3
MinimumVisualStudioVersion = 10.0.40219.1
Project("{8BC9CEB8-8B4A-11D0-8D11-00A0C91BC942}") = "Spec1", "Spec1\Spec1.vcxproj", "{F55F0D7A-2A82-4246-A4CF-FAE7DA50D87F}"
EndProject
Project("{8BC9CEB8-8B4A-11D0-8D11-00A0C91BC942}") = "Spec2", "Spec2\Spec2.vcxproj", "{2F811CDD-B574-4FE3-B236-ACE9A4B4D8C0}"
EndProject
Global
	GlobalSection(SolutionConfigurationPlatforms) = preSolution
		Debug|x64 = Debug|x64
		Debug|x86 = Debug|x86
		Release|x64 = Release|x64
		Release|x86 = Release|x86
	EndGlobalSection
	GlobalSection(ProjectConfigurationPlatforms) = postSolution
		{F55F0D7A-2A82-4246-A4CF-FAE7DA50D87F}.Debug|x64.ActiveCfg = Debug|x64
		{F55F0D7A-2A82-4246-A4CF-FAE7DA50D87F}.Debug|x64.Build.0 = Debug|x64
		{F55F0D7A-2A82-4246-A4CF-FAE7DA50D87F}.Debug|x86.ActiveCfg = Debug|Win32
		{F55F0D7A-2A82-4246-A4CF-FAE7DA50D87F}.Debug|x86.Build.0 = Debug|Win32
		{F55F0D7A-2A82-4246-A4CF-FAE7DA50D87F}.Release|x64.ActiveCfg = Release|x64
		{F55F0D7A-2A82-4246-A4CF-FAE7DA50D87F}.Release|x64.Build.0 = Release|x64
		{F55F0D7A-2A82-4246-A4CF-FAE7DA50D87F}.Release|x86.ActiveCfg = Release|Win32
		{F55F0D7A-2A82-4246-A4CF-FAE7DA50D87F}.Release|x86.Build.0 = Release|Win32
		{2F811CDD-B574-4FE3-B236-ACE9A4B4D8C0}.Debug|x64.ActiveCfg = Debug|x64
		{2F811CDD-B574-4FE3-B236-ACE9A4B4D8C0}.Debug|x64.Build.0 = Debug|x64
		{2F811CDD-B574-4FE3-B236-ACE9A4B4D8C0}.Debug|x86.ActiveCfg = Debug|Win32
		{2F811CDD-B574-4FE3-B236-ACE9A4B4D8C0}.Debug|x86.Build.0 = Debug|Win32
		{2F811CDD-B574-4FE3-B236-ACE9A4B4D8C0}.Release|x64.ActiveCfg = Release|x64
		{2F811CDD-B574-4FE3-B236-ACE9A4B4D8C0}.Release|x64.Build.0 = Release|x64
		{2F811CDD-B574-4FE3-B236-ACE9A4B4D8C0}.Release|x86.ActiveCfg = Release|Win32
		{2F811CDD-B574-4FE3-B236-ACE9A4B4D8C0}.Release|x86.Build.0 = Release|Win32
	EndGlobalSection
	GlobalSection(SolutionProperties) = preSolution
		HideSolutionNode = FALSE
	EndGlobalSection
	GlobalSection(ExtensibilityGlobals) = postSolution
		SolutionGuid = {AC7D71F5-5809-4DAD-ABBE-1A1622219188}
	EndGlobalSection
EndGlobal
